
Microsoft Visual Studio Solution File, Format Version 12.00
# Visual Studio Version 17
VisualStudioVersion = 17.0.31903.59
MinimumVisualStudioVersion = 10.0.40219.1
Project("{FAE04EC0-301F-11D3-BF4B-00C04F79EFBC}") = "Ecosystem 2024", "Ecosystem 2024\Ecosystem 2024.csproj", "{AE074C62-BFD0-43CD-9EBB-BED7DEBE2DCD}"
EndProject
Global
	GlobalSection(SolutionConfigurationPlatforms) = preSolution
		Debug|Any CPU = Debug|Any CPU
		Release|Any CPU = Release|Any CPU
	EndGlobalSection
	GlobalSection(SolutionProperties) = preSolution
		HideSolutionNode = FALSE
	EndGlobalSection
	GlobalSection(ProjectConfigurationPlatforms) = postSolution
		{AE074C62-BFD0-43CD-9EBB-BED7DEBE2DCD}.Debug|Any CPU.ActiveCfg = Debug|Any CPU
		{AE074C62-BFD0-43CD-9EBB-BED7DEBE2DCD}.Debug|Any CPU.Build.0 = Debug|Any CPU
		{AE074C62-BFD0-43CD-9EBB-BED7DEBE2DCD}.Release|Any CPU.ActiveCfg = Release|Any CPU
		{AE074C62-BFD0-43CD-9EBB-BED7DEBE2DCD}.Release|Any CPU.Build.0 = Release|Any CPU
	EndGlobalSection
EndGlobal
